
Microsoft Visual Studio Solution File, Format Version 12.00
# Visual Studio Version 16
VisualStudioVersion = 16.0.30523.141
MinimumVisualStudioVersion = 10.0.40219.1
Project("{8BC9CEB8-8B4A-11D0-8D11-00A0C91BC942}") = "DynamicOrderedStatistics", "DynamicOrderedStatistics.vcxproj", "{89F26E59-3B0F-4C47-9BB1-59B0689E7FAE}"
EndProject
Global
	GlobalSection(SolutionConfigurationPlatforms) = preSolution
		Debug|x64 = Debug|x64
		Debug|x86 = Debug|x86
		Release|x64 = Release|x64
		Release|x86 = Release|x86
	EndGlobalSection
	GlobalSection(ProjectConfigurationPlatforms) = postSolution
		{89F26E59-3B0F-4C47-9BB1-59B0689E7FAE}.Debug|x64.ActiveCfg = Debug|x64
		{89F26E59-3B0F-4C47-9BB1-59B0689E7FAE}.Debug|x64.Build.0 = Debug|x64
		{89F26E59-3B0F-4C47-9BB1-59B0689E7FAE}.Debug|x86.ActiveCfg = Debug|Win32
		{89F26E59-3B0F-4C47-9BB1-59B0689E7FAE}.Debug|x86.Build.0 = Debug|Win32
		{89F26E59-3B0F-4C47-9BB1-59B0689E7FAE}.Release|x64.ActiveCfg = Release|x64
		{89F26E59-3B0F-4C47-9BB1-59B0689E7FAE}.Release|x64.Build.0 = Release|x64
		{89F26E59-3B0F-4C47-9BB1-59B0689E7FAE}.Release|x86.ActiveCfg = Release|Win32
		{89F26E59-3B0F-4C47-9BB1-59B0689E7FAE}.Release|x86.Build.0 = Release|Win32
	EndGlobalSection
	GlobalSection(SolutionProperties) = preSolution
		HideSolutionNode = FALSE
	EndGlobalSection
	GlobalSection(ExtensibilityGlobals) = postSolution
		SolutionGuid = {BCC1542C-8FA7-4A4B-94B5-5424C806509C}
	EndGlobalSection
EndGlobal
